
Microsoft Visual Studio Solution File, Format Version 12.00
# Visual Studio Version 17
VisualStudioVersion = 17.14.36811.4
MinimumVisualStudioVersion = 10.0.40219.1
Project("{FAE04EC0-301F-11D3-BF4B-00C04F79EFBC}") = "FootballStatistics.Web", "FootballStatistics.Web.csproj", "{5083F928-9556-4B00-BBCB-1D3967BD654B}"
EndProject
Project("{FAE04EC0-301F-11D3-BF4B-00C04F79EFBC}") = "FootballStatistics.Data", "..\FootballStatistics.Data\FootballStatistics.Data.csproj", "{E8FCE481-FB91-4F2E-9CB9-430F7582EE32}"
EndProject
Project("{FAE04EC0-301F-11D3-BF4B-00C04F79EFBC}") = "FootballStatistics.Common", "..\FootballStatistics.Common\FootballStatistics.Common.csproj", "{8292BD88-37E0-41AD-846D-F6C310775D7E}"
EndProject
Project("{FAE04EC0-301F-11D3-BF4B-00C04F79EFBC}") = "FootballStatistics.Services", "..\FootballStatistics.Services\FootballStatistics.Services.csproj", "{64A043BE-4F51-42C4-A64E-3A44FD58ADE0}"
EndProject
Project("{FAE04EC0-301F-11D3-BF4B-00C04F79EFBC}") = "FootballStatistics.Web.ViewModels", "..\FootballStatistics.Web.ViewModels\FootballStatistics.Web.ViewModels.csproj", "{8551C22B-53AA-4922-9C19-652B520EF0FF}"
EndProject
Global
	GlobalSection(SolutionConfigurationPlatforms) = preSolution
		Debug|Any CPU = Debug|Any CPU
		Release|Any CPU = Release|Any CPU
	EndGlobalSection
	GlobalSection(ProjectConfigurationPlatforms) = postSolution
		{5083F928-9556-4B00-BBCB-1D3967BD654B}.Debug|Any CPU.ActiveCfg = Debug|Any CPU
		{5083F928-9556-4B00-BBCB-1D3967BD654B}.Debug|Any CPU.Build.0 = Debug|Any CPU
		{5083F928-9556-4B00-BBCB-1D3967BD654B}.Release|Any CPU.ActiveCfg = Release|Any CPU
		{5083F928-9556-4B00-BBCB-1D3967BD654B}.Release|Any CPU.Build.0 = Release|Any CPU
		{E8FCE481-FB91-4F2E-9CB9-430F7582EE32}.Debug|Any CPU.ActiveCfg = Debug|Any CPU
		{E8FCE481-FB91-4F2E-9CB9-430F7582EE32}.Debug|Any CPU.Build.0 = Debug|Any CPU
		{E8FCE481-FB91-4F2E-9CB9-430F7582EE32}.Release|Any CPU.ActiveCfg = Release|Any CPU
		{E8FCE481-FB91-4F2E-9CB9-430F7582EE32}.Release|Any CPU.Build.0 = Release|Any CPU
		{8292BD88-37E0-41AD-846D-F6C310775D7E}.Debug|Any CPU.ActiveCfg = Debug|Any CPU
		{8292BD88-37E0-41AD-846D-F6C310775D7E}.Debug|Any CPU.Build.0 = Debug|Any CPU
		{8292BD88-37E0-41AD-846D-F6C310775D7E}.Release|Any CPU.ActiveCfg = Release|Any CPU
		{8292BD88-37E0-41AD-846D-F6C310775D7E}.Release|Any CPU.Build.0 = Release|Any CPU
		{64A043BE-4F51-42C4-A64E-3A44FD58ADE0}.Debug|Any CPU.ActiveCfg = Debug|Any CPU
		{64A043BE-4F51-42C4-A64E-3A44FD58ADE0}.Debug|Any CPU.Build.0 = Debug|Any CPU
		{64A043BE-4F51-42C4-A64E-3A44FD58ADE0}.Release|Any CPU.ActiveCfg = Release|Any CPU
		{64A043BE-4F51-42C4-A64E-3A44FD58ADE0}.Release|Any CPU.Build.0 = Release|Any CPU
		{8551C22B-53AA-4922-9C19-652B520EF0FF}.Debug|Any CPU.ActiveCfg = Debug|Any CPU
		{8551C22B-53AA-4922-9C19-652B520EF0FF}.Debug|Any CPU.Build.0 = Debug|Any CPU
		{8551C22B-53AA-4922-9C19-652B520EF0FF}.Release|Any CPU.ActiveCfg = Release|Any CPU
		{8551C22B-53AA-4922-9C19-652B520EF0FF}.Release|Any CPU.Build.0 = Release|Any CPU
	EndGlobalSection
	GlobalSection(SolutionProperties) = preSolution
		HideSolutionNode = FALSE
	EndGlobalSection
	GlobalSection(ExtensibilityGlobals) = postSolution
		SolutionGuid = {7B305391-0E8D-4A49-BB40-29B7CA9183B7}
	EndGlobalSection
EndGlobal
